
Microsoft Visual Studio Solution File, Format Version 12.00
# Visual Studio Version 16
VisualStudioVersion = 16.0.29215.179
MinimumVisualStudioVersion = 10.0.40219.1
Project("{9A19103F-16F7-4668-BE54-9A1E7A4F7556}") = "AddressBook", "AddressBook\AddressBook.csproj", "{B8A5C80A-348D-44EB-9FE5-4B6CEC170626}"
EndProject
Project("{FAE04EC0-301F-11D3-BF4B-00C04F79EFBC}") = "AddressBook.Tests", "AddressBook.Tests\AddressBook.Tests.csproj", "{30AB25AA-AB32-4037-B964-DD85904C22E0}"
EndProject
Global
	GlobalSection(SolutionConfigurationPlatforms) = preSolution
		Debug|Any CPU = Debug|Any CPU
		Release|Any CPU = Release|Any CPU
	EndGlobalSection
	GlobalSection(ProjectConfigurationPlatforms) = postSolution
		{B8A5C80A-348D-44EB-9FE5-4B6CEC170626}.Debug|Any CPU.ActiveCfg = Debug|Any CPU
		{B8A5C80A-348D-44EB-9FE5-4B6CEC170626}.Debug|Any CPU.Build.0 = Debug|Any CPU
		{B8A5C80A-348D-44EB-9FE5-4B6CEC170626}.Release|Any CPU.ActiveCfg = Release|Any CPU
		{B8A5C80A-348D-44EB-9FE5-4B6CEC170626}.Release|Any CPU.Build.0 = Release|Any CPU
		{30AB25AA-AB32-4037-B964-DD85904C22E0}.Debug|Any CPU.ActiveCfg = Debug|Any CPU
		{30AB25AA-AB32-4037-B964-DD85904C22E0}.Debug|Any CPU.Build.0 = Debug|Any CPU
		{30AB25AA-AB32-4037-B964-DD85904C22E0}.Release|Any CPU.ActiveCfg = Release|Any CPU
		{30AB25AA-AB32-4037-B964-DD85904C22E0}.Release|Any CPU.Build.0 = Release|Any CPU
	EndGlobalSection
	GlobalSection(SolutionProperties) = preSolution
		HideSolutionNode = FALSE
	EndGlobalSection
	GlobalSection(ExtensibilityGlobals) = postSolution
		SolutionGuid = {1F840BA8-079F-4B1D-82CC-D20DF7B91CE5}
	EndGlobalSection
EndGlobal
